<?xml version="1.0" encoding="utf-8"?>
<Project ToolsVersion="4.0" xmlns="http://schemas.microsoft.com/developer/msbuild/2003">
  <ItemGroup>
    <ClCompile Include="pch.cpp" />
    <ClCompile Include="managers/AssetsManager.cpp">
      <Filter>managers</Filter>
    </ClCompile>
    <ClCompile Include="managers/ConfigManager.cpp">
      <Filter>managers</Filter>
    </ClCompile>
    <ClCompile Include="managers/ConsoleManager.cpp">
      <Filter>managers</Filter>
    </ClCompile>
    <ClCompile Include="managers/DatabaseManager.cpp">
      <Filter>managers</Filter>
    </ClCompile>
    <ClCompile Include="managers/HashManager.cpp">
      <Filter>managers</Filter>
    </ClCompile>
    <ClCompile Include="managers/InputManager.cpp">
      <Filter>managers</Filter>
    </ClCompile>
    <ClCompile Include="managers/LogManager.cpp">
      <Filter>managers</Filter>
    </ClCompile>
    <ClCompile Include="managers/MessageManager.cpp">
      <Filter>managers</Filter>
    </ClCompile>
    <ClCompile Include="managers/PlayerManager.cpp">
      <Filter>managers</Filter>
    </ClCompile>
    <ClCompile Include="managers/SceneManager.cpp">
      <Filter>managers</Filter>
    </ClCompile>
    <ClCompile Include="managers/StringManager.cpp">
      <Filter>managers</Filter>
    </ClCompile>
    <ClCompile Include="managers/TIEntityManager.cpp">
      <Filter>managers</Filter>
    </ClCompile>
    <ClCompile Include="managers/TimeManager.cpp">
      <Filter>managers</Filter>
    </ClCompile>
    <ClCompile Include="managers/WindowManager.cpp">
      <Filter>managers</Filter>
    </ClCompile>
    <ClCompile Include="managers/ViewManager.cpp">
      <Filter>managers</Filter>
    </ClCompile>
    <ClCompile Include="templates/Factory.cpp">
      <Filter>templates</Filter>
    </ClCompile>
    <ClCompile Include="templates/Singleton.cpp">
      <Filter>templates</Filter>
    </ClCompile>
    <ClCompile Include="objects/GlobalId.cpp">
      <Filter>objects</Filter>
    </ClCompile>
    <ClCompile Include="objects/InputMap.cpp">
      <Filter>objects</Filter>
    </ClCompile>
    <ClCompile Include="objects/Message.cpp">
      <Filter>objects</Filter>
    </ClCompile>
    <ClCompile Include="objects/Player.cpp">
      <Filter>objects</Filter>
    </ClCompile>
    <ClCompile Include="utilities/ToDegrees.cpp">
      <Filter>utilities</Filter>
    </ClCompile>
    <ClCompile Include="utilities/StringToInt.cpp">
      <Filter>utilities</Filter>
    </ClCompile>
    <ClCompile Include="utilities/ParseLanguageString.cpp">
      <Filter>utilities</Filter>
    </ClCompile>
    <ClCompile Include="utilities/LocalTime.cpp">
      <Filter>utilities</Filter>
    </ClCompile>
    <ClCompile Include="objects/enumeration/Direction.cpp">
      <Filter>objects\enumeration</Filter>
    </ClCompile>
    <ClCompile Include="objects/enumeration/Language.cpp">
      <Filter>objects\enumeration</Filter>
    </ClCompile>
    <ClCompile Include="objects/enumeration/LogLevel.cpp">
      <Filter>objects\enumeration</Filter>
    </ClCompile>
    <ClCompile Include="utilities\GetMissingSprite.cpp">
      <Filter>utilities</Filter>
    </ClCompile>
    <ClCompile Include="utilities\GetMissingText.cpp">
      <Filter>utilities</Filter>
    </ClCompile>
    <ClCompile Include="objects\drawables\DevConsole.cpp">
      <Filter>objects\drawables</Filter>
    </ClCompile>
    <ClCompile Include="objects\drawables\SceneText.cpp">
      <Filter>objects\drawables</Filter>
    </ClCompile>
    <ClCompile Include="objects\drawables\TIEntity.cpp">
      <Filter>objects\drawables</Filter>
    </ClCompile>
    <ClCompile Include="utilities\ToRadians.cpp">
      <Filter>utilities</Filter>
    </ClCompile>
  </ItemGroup>
  <ItemGroup>
    <ClInclude Include="pch.h" />
    <ClInclude Include="Constants.h" />
    <ClInclude Include="Helpers.h" />
  </ItemGroup>
  <ItemGroup>
    <None Include="packages.config" />
  </ItemGroup>
  <ItemGroup>
    <Filter Include="managers">
      <UniqueIdentifier>{b0e9a57e-a5f7-4a94-a978-88db718b0220}</UniqueIdentifier>
    </Filter>
    <Filter Include="templates">
      <UniqueIdentifier>{cb26dafd-7ef2-40ba-a925-3a22b905f6df}</UniqueIdentifier>
    </Filter>
    <Filter Include="objects">
      <UniqueIdentifier>{fcf5dda1-173c-4972-9c86-f3cb19743bac}</UniqueIdentifier>
    </Filter>
    <Filter Include="utilities">
      <UniqueIdentifier>{9c4d5fe4-419b-47db-bf30-70f185976208}</UniqueIdentifier>
    </Filter>
    <Filter Include="objects\enumeration">
      <UniqueIdentifier>{841215c5-9339-4e50-a423-f11ff4344ac2}</UniqueIdentifier>
    </Filter>
    <Filter Include="objects\drawables">
      <UniqueIdentifier>{de53c464-e3aa-4fd8-9446-9e5bdf69a0d4}</UniqueIdentifier>
    </Filter>
  </ItemGroup>
</Project>